// !$*UTF8*$!
{
	archiveVersion = 1;
	classes = {
	};
	objectVersion = 56;
	objects = {

/* Begin PBXBuildFile section */
		7F92DA6B2CB68F93006FE903 /* FirebaseAnalytics in Frameworks */ = {isa = PBXBuildFile; productRef = 7F92DA6A2CB68F93006FE903 /* FirebaseAnalytics */; };
		7F92DA6D2CB68F93006FE903 /* FirebaseAuth in Frameworks */ = {isa = PBXBuildFile; productRef = 7F92DA6C2CB68F93006FE903 /* FirebaseAuth */; };
		7F92DA712CB69227006FE903 /* SecondView.swift in Sources */ = {isa = PBXBuildFile; fileRef = 7F92DA702CB69227006FE903 /* SecondView.swift */; };
		7F92DA732CB6929F006FE903 /* HomeView.swift in Sources */ = {isa = PBXBuildFile; fileRef = 7F92DA722CB6929F006FE903 /* HomeView.swift */; };
		7F92DAB52CB6B555006FE903 /* GoogleService-Info.plist in Resources */ = {isa = PBXBuildFile; fileRef = 7F92DAB42CB6B554006FE903 /* GoogleService-Info.plist */; };
		93E6FDF02BDA7D1F00E4CE65 /* AppDelegate.swift in Sources */ = {isa = PBXBuildFile; fileRef = 93E6FDEF2BDA7D1F00E4CE65 /* AppDelegate.swift */; };
		93E6FDF22BDA7D1F00E4CE65 /* SceneDelegate.swift in Sources */ = {isa = PBXBuildFile; fileRef = 93E6FDF12BDA7D1F00E4CE65 /* SceneDelegate.swift */; };
		93E6FDF42BDA7D1F00E4CE65 /* ViewController.swift in Sources */ = {isa = PBXBuildFile; fileRef = 93E6FDF32BDA7D1F00E4CE65 /* ViewController.swift */; };
		93E6FDF72BDA7D1F00E4CE65 /* Base in Resources */ = {isa = PBXBuildFile; fileRef = 93E6FDF62BDA7D1F00E4CE65 /* Base */; };
		93E6FDF92BDA7D2500E4CE65 /* Assets.xcassets in Resources */ = {isa = PBXBuildFile; fileRef = 93E6FDF82BDA7D2500E4CE65 /* Assets.xcassets */; };
		93E6FDFC2BDA7D2500E4CE65 /* Base in Resources */ = {isa = PBXBuildFile; fileRef = 93E6FDFB2BDA7D2500E4CE65 /* Base */; };
		93E6FE072BDA7D2600E4CE65 /* makdfsTests.swift in Sources */ = {isa = PBXBuildFile; fileRef = 93E6FE062BDA7D2600E4CE65 /* makdfsTests.swift */; };
		93E6FE112BDA7D2600E4CE65 /* makdfsUITests.swift in Sources */ = {isa = PBXBuildFile; fileRef = 93E6FE102BDA7D2600E4CE65 /* makdfsUITests.swift */; };
		93E6FE132BDA7D2600E4CE65 /* makdfsUITestsLaunchTests.swift in Sources */ = {isa = PBXBuildFile; fileRef = 93E6FE122BDA7D2600E4CE65 /* makdfsUITestsLaunchTests.swift */; };
/* End PBXBuildFile section */

/* Begin PBXContainerItemProxy section */
		93E6FE032BDA7D2600E4CE65 /* PBXContainerItemProxy */ = {
			isa = PBXContainerItemProxy;
			containerPortal = 93E6FDE42BDA7D1E00E4CE65 /* Project object */;
			proxyType = 1;
			remoteGlobalIDString = 93E6FDEB2BDA7D1F00E4CE65;
			remoteInfo = makdfs;
		};
		93E6FE0D2BDA7D2600E4CE65 /* PBXContainerItemProxy */ = {
			isa = PBXContainerItemProxy;
			containerPortal = 93E6FDE42BDA7D1E00E4CE65 /* Project object */;
			proxyType = 1;
			remoteGlobalIDString = 93E6FDEB2BDA7D1F00E4CE65;
			remoteInfo = makdfs;
		};
/* End PBXContainerItemProxy section */

/* Begin PBXFileReference section */
		7F92DA702CB69227006FE903 /* SecondView.swift */ = {isa = PBXFileReference; lastKnownFileType = sourcecode.swift; path = SecondView.swift; sourceTree = "<group>"; };
		7F92DA722CB6929F006FE903 /* HomeView.swift */ = {isa = PBXFileReference; lastKnownFileType = sourcecode.swift; path = HomeView.swift; sourceTree = "<group>"; };
		7F92DAB42CB6B554006FE903 /* GoogleService-Info.plist */ = {isa = PBXFileReference; fileEncoding = 4; lastKnownFileType = text.plist.xml; name = "GoogleService-Info.plist"; path = "../../../../../Downloads/GoogleService-Info.plist"; sourceTree = "<group>"; };
		93E6FDEC2BDA7D1F00E4CE65 /* makdfs.app */ = {isa = PBXFileReference; explicitFileType = wrapper.application; includeInIndex = 0; path = makdfs.app; sourceTree = BUILT_PRODUCTS_DIR; };
		93E6FDEF2BDA7D1F00E4CE65 /* AppDelegate.swift */ = {isa = PBXFileReference; lastKnownFileType = sourcecode.swift; path = AppDelegate.swift; sourceTree = "<group>"; };
		93E6FDF12BDA7D1F00E4CE65 /* SceneDelegate.swift */ = {isa = PBXFileReference; lastKnownFileType = sourcecode.swift; path = SceneDelegate.swift; sourceTree = "<group>"; };
		93E6FDF32BDA7D1F00E4CE65 /* ViewController.swift */ = {isa = PBXFileReference; lastKnownFileType = sourcecode.swift; path = ViewController.swift; sourceTree = "<group>"; };
		93E6FDF62BDA7D1F00E4CE65 /* Base */ = {isa = PBXFileReference; lastKnownFileType = file.storyboard; name = Base; path = Base.lproj/Main.storyboard; sourceTree = "<group>"; };
		93E6FDF82BDA7D2500E4CE65 /* Assets.xcassets */ = {isa = PBXFileReference; lastKnownFileType = folder.assetcatalog; path = Assets.xcassets; sourceTree = "<group>"; };
		93E6FDFB2BDA7D2500E4CE65 /* Base */ = {isa = PBXFileReference; lastKnownFileType = file.storyboard; name = Base; path = Base.lproj/LaunchScreen.storyboard; sourceTree = "<group>"; };
		93E6FDFD2BDA7D2500E4CE65 /* Info.plist */ = {isa = PBXFileReference; lastKnownFileType = text.plist.xml; path = Info.plist; sourceTree = "<group>"; };
		93E6FE022BDA7D2600E4CE65 /* makdfsTests.xctest */ = {isa = PBXFileReference; explicitFileType = wrapper.cfbundle; includeInIndex = 0; path = makdfsTests.xctest; sourceTree = BUILT_PRODUCTS_DIR; };
		93E6FE062BDA7D2600E4CE65 /* makdfsTests.swift */ = {isa = PBXFileReference; lastKnownFileType = sourcecode.swift; path = makdfsTests.swift; sourceTree = "<group>"; };
		93E6FE0C2BDA7D2600E4CE65 /* makdfsUITests.xctest */ = {isa = PBXFileReference; explicitFileType = wrapper.cfbundle; includeInIndex = 0; path = makdfsUITests.xctest; sourceTree = BUILT_PRODUCTS_DIR; };
		93E6FE102BDA7D2600E4CE65 /* makdfsUITests.swift */ = {isa = PBXFileReference; lastKnownFileType = sourcecode.swift; path = makdfsUITests.swift; sourceTree = "<group>"; };
		93E6FE122BDA7D2600E4CE65 /* makdfsUITestsLaunchTests.swift */ = {isa = PBXFileReference; lastKnownFileType = sourcecode.swift; path = makdfsUITestsLaunchTests.swift; sourceTree = "<group>"; };
/* End PBXFileReference section */

/* Begin PBXFrameworksBuildPhase section */
		93E6FDE92BDA7D1F00E4CE65 /* Frameworks */ = {
			isa = PBXFrameworksBuildPhase;
			buildActionMask = 2147483647;
			files = (
				7F92DA6B2CB68F93006FE903 /* FirebaseAnalytics in Frameworks */,
				7F92DA6D2CB68F93006FE903 /* FirebaseAuth in Frameworks */,
			);
			runOnlyForDeploymentPostprocessing = 0;
		};
		93E6FDFF2BDA7D2600E4CE65 /* Frameworks */ = {
			isa = PBXFrameworksBuildPhase;
			buildActionMask = 2147483647;
			files = (
			);
			runOnlyForDeploymentPostprocessing = 0;
		};
		93E6FE092BDA7D2600E4CE65 /* Frameworks */ = {
			isa = PBXFrameworksBuildPhase;
			buildActionMask = 2147483647;
			files = (
			);
			runOnlyForDeploymentPostprocessing = 0;
		};
/* End PBXFrameworksBuildPhase section */

/* Begin PBXGroup section */
		7F92DA692CB68F93006FE903 /* Frameworks */ = {
			isa = PBXGroup;
			children = (
			);
			name = Frameworks;
			sourceTree = "<group>";
		};
		93E6FDE32BDA7D1E00E4CE65 = {
			isa = PBXGroup;
			children = (
				93E6FDEE2BDA7D1F00E4CE65 /* makdfs */,
				93E6FE052BDA7D2600E4CE65 /* makdfsTests */,
				93E6FE0F2BDA7D2600E4CE65 /* makdfsUITests */,
				93E6FDED2BDA7D1F00E4CE65 /* Products */,
				7F92DA692CB68F93006FE903 /* Frameworks */,
			);
			sourceTree = "<group>";
		};
		93E6FDED2BDA7D1F00E4CE65 /* Products */ = {
			isa = PBXGroup;
			children = (
				93E6FDEC2BDA7D1F00E4CE65 /* makdfs.app */,
				93E6FE022BDA7D2600E4CE65 /* makdfsTests.xctest */,
				93E6FE0C2BDA7D2600E4CE65 /* makdfsUITests.xctest */,
			);
			name = Products;
			sourceTree = "<group>";
		};
		93E6FDEE2BDA7D1F00E4CE65 /* makdfs */ = {
			isa = PBXGroup;
			children = (
				7F92DAB42CB6B554006FE903 /* GoogleService-Info.plist */,
				93E6FDEF2BDA7D1F00E4CE65 /* AppDelegate.swift */,
				93E6FDF12BDA7D1F00E4CE65 /* SceneDelegate.swift */,
				93E6FDF32BDA7D1F00E4CE65 /* ViewController.swift */,
				7F92DA722CB6929F006FE903 /* HomeView.swift */,
				7F92DA702CB69227006FE903 /* SecondView.swift */,
				93E6FDF52BDA7D1F00E4CE65 /* Main.storyboard */,
				93E6FDF82BDA7D2500E4CE65 /* Assets.xcassets */,
				93E6FDFA2BDA7D2500E4CE65 /* LaunchScreen.storyboard */,
				93E6FDFD2BDA7D2500E4CE65 /* Info.plist */,
			);
			path = makdfs;
			sourceTree = "<group>";
		};
		93E6FE052BDA7D2600E4CE65 /* makdfsTests */ = {
			isa = PBXGroup;
			children = (
				93E6FE062BDA7D2600E4CE65 /* makdfsTests.swift */,
			);
			path = makdfsTests;
			sourceTree = "<group>";
		};
		93E6FE0F2BDA7D2600E4CE65 /* makdfsUITests */ = {
			isa = PBXGroup;
			children = (
				93E6FE102BDA7D2600E4CE65 /* makdfsUITests.swift */,
				93E6FE122BDA7D2600E4CE65 /* makdfsUITestsLaunchTests.swift */,
			);
			path = makdfsUITests;
			sourceTree = "<group>";
		};
/* End PBXGroup section */

/* Begin PBXNativeTarget section */
		93E6FDEB2BDA7D1F00E4CE65 /* makdfs */ = {
			isa = PBXNativeTarget;
			buildConfigurationList = 93E6FE162BDA7D2600E4CE65 /* Build configuration list for PBXNativeTarget "makdfs" */;
			buildPhases = (
				93E6FDE82BDA7D1F00E4CE65 /* Sources */,
				93E6FDE92BDA7D1F00E4CE65 /* Frameworks */,
				93E6FDEA2BDA7D1F00E4CE65 /* Resources */,
			);
			buildRules = (
			);
			dependencies = (
			);
			name = makdfs;
			packageProductDependencies = (
				7F92DA6A2CB68F93006FE903 /* FirebaseAnalytics */,
				7F92DA6C2CB68F93006FE903 /* FirebaseAuth */,
			);
			productName = makdfs;
			productReference = 93E6FDEC2BDA7D1F00E4CE65 /* makdfs.app */;
			productType = "com.apple.product-type.application";
		};
		93E6FE012BDA7D2600E4CE65 /* makdfsTests */ = {
			isa = PBXNativeTarget;
			buildConfigurationList = 93E6FE192BDA7D2600E4CE65 /* Build configuration list for PBXNativeTarget "makdfsTests" */;
			buildPhases = (
				93E6FDFE2BDA7D2600E4CE65 /* Sources */,
				93E6FDFF2BDA7D2600E4CE65 /* Frameworks */,
				93E6FE002BDA7D2600E4CE65 /* Resources */,
			);
			buildRules = (
			);
			dependencies = (
				93E6FE042BDA7D2600E4CE65 /* PBXTargetDependency */,
			);
			name = makdfsTests;
			productName = makdfsTests;
			productReference = 93E6FE022BDA7D2600E4CE65 /* makdfsTests.xctest */;
			productType = "com.apple.product-type.bundle.unit-test";
		};
		93E6FE0B2BDA7D2600E4CE65 /* makdfsUITests */ = {
			isa = PBXNativeTarget;
			buildConfigurationList = 93E6FE1C2BDA7D2600E4CE65 /* Build configuration list for PBXNativeTarget "makdfsUITests" */;
			buildPhases = (
				93E6FE082BDA7D2600E4CE65 /* Sources */,
				93E6FE092BDA7D2600E4CE65 /* Frameworks */,
				93E6FE0A2BDA7D2600E4CE65 /* Resources */,
			);
			buildRules = (
			);
			dependencies = (
				93E6FE0E2BDA7D2600E4CE65 /* PBXTargetDependency */,
			);
			name = makdfsUITests;
			productName = makdfsUITests;
			productReference = 93E6FE0C2BDA7D2600E4CE65 /* makdfsUITests.xctest */;
			productType = "com.apple.product-type.bundle.ui-testing";
		};
/* End PBXNativeTarget section */

/* Begin PBXProject section */
		93E6FDE42BDA7D1E00E4CE65 /* Project object */ = {
			isa = PBXProject;
			attributes = {
				BuildIndependentTargetsInParallel = 1;
				LastSwiftUpdateCheck = 1530;
				LastUpgradeCheck = 1530;
				TargetAttributes = {
					93E6FDEB2BDA7D1F00E4CE65 = {
						CreatedOnToolsVersion = 15.3;
					};
					93E6FE012BDA7D2600E4CE65 = {
						CreatedOnToolsVersion = 15.3;
						TestTargetID = 93E6FDEB2BDA7D1F00E4CE65;
					};
					93E6FE0B2BDA7D2600E4CE65 = {
						CreatedOnToolsVersion = 15.3;
						TestTargetID = 93E6FDEB2BDA7D1F00E4CE65;
					};
				};
			};
			buildConfigurationList = 93E6FDE72BDA7D1E00E4CE65 /* Build configuration list for PBXProject "makdfs" */;
			compatibilityVersion = "Xcode 14.0";
			developmentRegion = en;
			hasScannedForEncodings = 0;
			knownRegions = (
				en,
				Base,
			);
			mainGroup = 93E6FDE32BDA7D1E00E4CE65;
			packageReferences = (
				7F92DA682CB68EE0006FE903 /* XCRemoteSwiftPackageReference "firebase-ios-sdk" */,
			);
			productRefGroup = 93E6FDED2BDA7D1F00E4CE65 /* Products */;
			projectDirPath = "";
			projectRoot = "";
			targets = (
				93E6FDEB2BDA7D1F00E4CE65 /* makdfs */,
				93E6FE012BDA7D2600E4CE65 /* makdfsTests */,
				93E6FE0B2BDA7D2600E4CE65 /* makdfsUITests */,
			);
		};
/* End PBXProject section */

/* Begin PBXResourcesBuildPhase section */
		93E6FDEA2BDA7D1F00E4CE65 /* Resources */ = {
			isa = PBXResourcesBuildPhase;
			buildActionMask = 2147483647;
			files = (
				93E6FDF92BDA7D2500E4CE65 /* Assets.xcassets in Resources */,
				7F92DAB52CB6B555006FE903 /* GoogleService-Info.plist in Resources */,
				93E6FDFC2BDA7D2500E4CE65 /* Base in Resources */,
				93E6FDF72BDA7D1F00E4CE65 /* Base in Resources */,
			);
			runOnlyForDeploymentPostprocessing = 0;
		};
		93E6FE002BDA7D2600E4CE65 /* Resources */ = {
			isa = PBXResourcesBuildPhase;
			buildActionMask = 2147483647;
			files = (
			);
			runOnlyForDeploymentPostprocessing = 0;
		};
		93E6FE0A2BDA7D2600E4CE65 /* Resources */ = {
			isa = PBXResourcesBuildPhase;
			buildActionMask = 2147483647;
			files = (
			);
			runOnlyForDeploymentPostprocessing = 0;
		};
/* End PBXResourcesBuildPhase section */

/* Begin PBXSourcesBuildPhase section */
		93E6FDE82BDA7D1F00E4CE65 /* Sources */ = {
			isa = PBXSourcesBuildPhase;
			buildActionMask = 2147483647;
			files = (
				93E6FDF42BDA7D1F00E4CE65 /* ViewController.swift in Sources */,
				93E6FDF02BDA7D1F00E4CE65 /* AppDelegate.swift in Sources */,
				7F92DA712CB69227006FE903 /* SecondView.swift in Sources */,
				7F92DA732CB6929F006FE903 /* HomeView.swift in Sources */,
				93E6FDF22BDA7D1F00E4CE65 /* SceneDelegate.swift in Sources */,
			);
			runOnlyForDeploymentPostprocessing = 0;
		};
		93E6FDFE2BDA7D2600E4CE65 /* Sources */ = {
			isa = PBXSourcesBuildPhase;
			buildActionMask = 2147483647;
			files = (
				93E6FE072BDA7D2600E4CE65 /* makdfsTests.swift in Sources */,
			);
			runOnlyForDeploymentPostprocessing = 0;
		};
		93E6FE082BDA7D2600E4CE65 /* Sources */ = {
			isa = PBXSourcesBuildPhase;
			buildActionMask = 2147483647;
			files = (
				93E6FE132BDA7D2600E4CE65 /* makdfsUITestsLaunchTests.swift in Sources */,
				93E6FE112BDA7D2600E4CE65 /* makdfsUITests.swift in Sources */,
			);
			runOnlyForDeploymentPostprocessing = 0;
		};
/* End PBXSourcesBuildPhase section */

/* Begin PBXTargetDependency section */
		93E6FE042BDA7D2600E4CE65 /* PBXTargetDependency */ = {
			isa = PBXTargetDependency;
			target = 93E6FDEB2BDA7D1F00E4CE65 /* makdfs */;
			targetProxy = 93E6FE032BDA7D2600E4CE65 /* PBXContainerItemProxy */;
		};
		93E6FE0E2BDA7D2600E4CE65 /* PBXTargetDependency */ = {
			isa = PBXTargetDependency;
			target = 93E6FDEB2BDA7D1F00E4CE65 /* makdfs */;
			targetProxy = 93E6FE0D2BDA7D2600E4CE65 /* PBXContainerItemProxy */;
		};
/* End PBXTargetDependency section */

/* Begin PBXVariantGroup section */
		93E6FDF52BDA7D1F00E4CE65 /* Main.storyboard */ = {
			isa = PBXVariantGroup;
			children = (
				93E6FDF62BDA7D1F00E4CE65 /* Base */,
			);
			name = Main.storyboard;
			sourceTree = "<group>";
		};
		93E6FDFA2BDA7D2500E4CE65 /* LaunchScreen.storyboard */ = {
			isa = PBXVariantGroup;
			children = (
				93E6FDFB2BDA7D2500E4CE65 /* Base */,
			);
			name = LaunchScreen.storyboard;
			sourceTree = "<group>";
		};
/* End PBXVariantGroup section */

/* Begin XCBuildConfiguration section */
		93E6FE142BDA7D2600E4CE65 /* Debug */ = {
			isa = XCBuildConfiguration;
			buildSettings = {
				ALWAYS_SEARCH_USER_PATHS = NO;
				ASSETCATALOG_COMPILER_GENERATE_SWIFT_ASSET_SYMBOL_EXTENSIONS = YES;
				CLANG_ANALYZER_NONNULL = YES;
				CLANG_ANALYZER_NUMBER_OBJECT_CONVERSION = YES_AGGRESSIVE;
				CLANG_CXX_LANGUAGE_STANDARD = "gnu++20";
				CLANG_ENABLE_MODULES = YES;
				CLANG_ENABLE_OBJC_ARC = YES;
				CLANG_ENABLE_OBJC_WEAK = YES;
				CLANG_WARN_BLOCK_CAPTURE_AUTORELEASING = YES;
				CLANG_WARN_BOOL_CONVERSION = YES;
				CLANG_WARN_COMMA = YES;
				CLANG_WARN_CONSTANT_CONVERSION = YES;
				CLANG_WARN_DEPRECATED_OBJC_IMPLEMENTATIONS = YES;
				CLANG_WARN_DIRECT_OBJC_ISA_USAGE = YES_ERROR;
				CLANG_WARN_DOCUMENTATION_COMMENTS = YES;
				CLANG_WARN_EMPTY_BODY = YES;
				CLANG_WARN_ENUM_CONVERSION = YES;
				CLANG_WARN_INFINITE_RECURSION = YES;
				CLANG_WARN_INT_CONVERSION = YES;
				CLANG_WARN_NON_LITERAL_NULL_CONVERSION = YES;
				CLANG_WARN_OBJC_IMPLICIT_RETAIN_SELF = YES;
				CLANG_WARN_OBJC_LITERAL_CONVERSION = YES;
				CLANG_WARN_OBJC_ROOT_CLASS = YES_ERROR;
				CLANG_WARN_QUOTED_INCLUDE_IN_FRAMEWORK_HEADER = YES;
				CLANG_WARN_RANGE_LOOP_ANALYSIS = YES;
				CLANG_WARN_STRICT_PROTOTYPES = YES;
				CLANG_WARN_SUSPICIOUS_MOVE = YES;
				CLANG_WARN_UNGUARDED_AVAILABILITY = YES_AGGRESSIVE;
				CLANG_WARN_UNREACHABLE_CODE = YES;
				CLANG_WARN__DUPLICATE_METHOD_MATCH = YES;
				COPY_PHASE_STRIP = NO;
				DEBUG_INFORMATION_FORMAT = dwarf;
				ENABLE_STRICT_OBJC_MSGSEND = YES;
				ENABLE_TESTABILITY = YES;
				ENABLE_USER_SCRIPT_SANDBOXING = YES;
				GCC_C_LANGUAGE_STANDARD = gnu17;
				GCC_DYNAMIC_NO_PIC = NO;
				GCC_NO_COMMON_BLOCKS = YES;
				GCC_OPTIMIZATION_LEVEL = 0;
				GCC_PREPROCESSOR_DEFINITIONS = (
					"DEBUG=1",
					"$(inherited)",
				);
				GCC_WARN_64_TO_32_BIT_CONVERSION = YES;
				GCC_WARN_ABOUT_RETURN_TYPE = YES_ERROR;
				GCC_WARN_UNDECLARED_SELECTOR = YES;
				GCC_WARN_UNINITIALIZED_AUTOS = YES_AGGRESSIVE;
				GCC_WARN_UNUSED_FUNCTION = YES;
				GCC_WARN_UNUSED_VARIABLE = YES;
				IPHONEOS_DEPLOYMENT_TARGET = 17.4;
				LOCALIZATION_PREFERS_STRING_CATALOGS = YES;
				MTL_ENABLE_DEBUG_INFO = INCLUDE_SOURCE;
				MTL_FAST_MATH = YES;
				ONLY_ACTIVE_ARCH = YES;
				SDKROOT = iphoneos;
				SWIFT_ACTIVE_COMPILATION_CONDITIONS = "DEBUG $(inherited)";
				SWIFT_OPTIMIZATION_LEVEL = "-Onone";
			};
			name = Debug;
		};
		93E6FE152BDA7D2600E4CE65 /* Release */ = {
			isa = XCBuildConfiguration;
			buildSettings = {
				ALWAYS_SEARCH_USER_PATHS = NO;
				ASSETCATALOG_COMPILER_GENERATE_SWIFT_ASSET_SYMBOL_EXTENSIONS = YES;
				CLANG_ANALYZER_NONNULL = YES;
				CLANG_ANALYZER_NUMBER_OBJECT_CONVERSION = YES_AGGRESSIVE;
				CLANG_CXX_LANGUAGE_STANDARD = "gnu++20";
				CLANG_ENABLE_MODULES = YES;
				CLANG_ENABLE_OBJC_ARC = YES;
				CLANG_ENABLE_OBJC_WEAK = YES;
				CLANG_WARN_BLOCK_CAPTURE_AUTORELEASING = YES;
				CLANG_WARN_BOOL_CONVERSION = YES;
				CLANG_WARN_COMMA = YES;
				CLANG_WARN_CONSTANT_CONVERSION = YES;
				CLANG_WARN_DEPRECATED_OBJC_IMPLEMENTATIONS = YES;
				CLANG_WARN_DIRECT_OBJC_ISA_USAGE = YES_ERROR;
				CLANG_WARN_DOCUMENTATION_COMMENTS = YES;
				CLANG_WARN_EMPTY_BODY = YES;
				CLANG_WARN_ENUM_CONVERSION = YES;
				CLANG_WARN_INFINITE_RECURSION = YES;
				CLANG_WARN_INT_CONVERSION = YES;
				CLANG_WARN_NON_LITERAL_NULL_CONVERSION = YES;
				CLANG_WARN_OBJC_IMPLICIT_RETAIN_SELF = YES;
				CLANG_WARN_OBJC_LITERAL_CONVERSION = YES;
				CLANG_WARN_OBJC_ROOT_CLASS = YES_ERROR;
				CLANG_WARN_QUOTED_INCLUDE_IN_FRAMEWORK_HEADER = YES;
				CLANG_WARN_RANGE_LOOP_ANALYSIS = YES;
				CLANG_WARN_STRICT_PROTOTYPES = YES;
				CLANG_WARN_SUSPICIOUS_MOVE = YES;
				CLANG_WARN_UNGUARDED_AVAILABILITY = YES_AGGRESSIVE;
				CLANG_WARN_UNREACHABLE_CODE = YES;
				CLANG_WARN__DUPLICATE_METHOD_MATCH = YES;
				COPY_PHASE_STRIP = NO;
				DEBUG_INFORMATION_FORMAT = "dwarf-with-dsym";
				ENABLE_NS_ASSERTIONS = NO;
				ENABLE_STRICT_OBJC_MSGSEND = YES;
				ENABLE_USER_SCRIPT_SANDBOXING = YES;
				GCC_C_LANGUAGE_STANDARD = gnu17;
				GCC_NO_COMMON_BLOCKS = YES;
				GCC_WARN_64_TO_32_BIT_CONVERSION = YES;
				GCC_WARN_ABOUT_RETURN_TYPE = YES_ERROR;
				GCC_WARN_UNDECLARED_SELECTOR = YES;
				GCC_WARN_UNINITIALIZED_AUTOS = YES_AGGRESSIVE;
				GCC_WARN_UNUSED_FUNCTION = YES;
				GCC_WARN_UNUSED_VARIABLE = YES;
				IPHONEOS_DEPLOYMENT_TARGET = 17.4;
				LOCALIZATION_PREFERS_STRING_CATALOGS = YES;
				MTL_ENABLE_DEBUG_INFO = NO;
				MTL_FAST_MATH = YES;
				SDKROOT = iphoneos;
				SWIFT_COMPILATION_MODE = wholemodule;
				VALIDATE_PRODUCT = YES;
			};
			name = Release;
		};
		93E6FE172BDA7D2600E4CE65 /* Debug */ = {
			isa = XCBuildConfiguration;
			buildSettings = {
				ASSETCATALOG_COMPILER_APPICON_NAME = AppIcon;
				ASSETCATALOG_COMPILER_GLOBAL_ACCENT_COLOR_NAME = AccentColor;
				"CODE_SIGN_IDENTITY[sdk=iphoneos*]" = "iPhone Distribution";
				CODE_SIGN_STYLE = Manual;
				CURRENT_PROJECT_VERSION = 1;
				DEVELOPMENT_TEAM = "";
				"DEVELOPMENT_TEAM[sdk=iphoneos*]" = 3SVLFWZ7A5;
				GENERATE_INFOPLIST_FILE = YES;
				INFOPLIST_FILE = makdfs/Info.plist;
				INFOPLIST_KEY_CFBundleDisplayName = "MAKDFS: Buy BTC & Trade Cripto";
				INFOPLIST_KEY_LSApplicationCategoryType = "public.app-category.finance";
				INFOPLIST_KEY_UIApplicationSupportsIndirectInputEvents = YES;
				INFOPLIST_KEY_UILaunchStoryboardName = LaunchScreen;
				INFOPLIST_KEY_UIMainStoryboardFile = Main;
				INFOPLIST_KEY_UISupportedInterfaceOrientations_iPad = "UIInterfaceOrientationPortrait UIInterfaceOrientationPortraitUpsideDown UIInterfaceOrientationLandscapeLeft UIInterfaceOrientationLandscapeRight";
				INFOPLIST_KEY_UISupportedInterfaceOrientations_iPhone = "UIInterfaceOrientationPortrait UIInterfaceOrientationLandscapeLeft UIInterfaceOrientationLandscapeRight";
				LD_RUNPATH_SEARCH_PATHS = (
					"$(inherited)",
					"@executable_path/Frameworks",
				);
				MARKETING_VERSION = 1.0;
				PRODUCT_BUNDLE_IDENTIFIER = com.makdfs;
				PRODUCT_NAME = "$(TARGET_NAME)";
				PROVISIONING_PROFILE_SPECIFIER = "";
				"PROVISIONING_PROFILE_SPECIFIER[sdk=iphoneos*]" = MAKDFSProfile;
				SWIFT_EMIT_LOC_STRINGS = YES;
				SWIFT_VERSION = 5.0;
				TARGETED_DEVICE_FAMILY = "1,2";
			};
			name = Debug;
		};
		93E6FE182BDA7D2600E4CE65 /* Release */ = {
			isa = XCBuildConfiguration;
			buildSettings = {
				ASSETCATALOG_COMPILER_APPICON_NAME = AppIcon;
				ASSETCATALOG_COMPILER_GLOBAL_ACCENT_COLOR_NAME = AccentColor;
				CODE_SIGN_IDENTITY = "Apple Development";
				"CODE_SIGN_IDENTITY[sdk=iphoneos*]" = "iPhone Distribution";
				CODE_SIGN_STYLE = Manual;
				CURRENT_PROJECT_VERSION = 1;
				DEVELOPMENT_TEAM = "";
				"DEVELOPMENT_TEAM[sdk=iphoneos*]" = 3SVLFWZ7A5;
				GENERATE_INFOPLIST_FILE = YES;
				INFOPLIST_FILE = makdfs/Info.plist;
				INFOPLIST_KEY_CFBundleDisplayName = "MAKDFS: Buy BTC & Trade Cripto";
				INFOPLIST_KEY_LSApplicationCategoryType = "public.app-category.finance";
				INFOPLIST_KEY_UIApplicationSupportsIndirectInputEvents = YES;
				INFOPLIST_KEY_UILaunchStoryboardName = LaunchScreen;
				INFOPLIST_KEY_UIMainStoryboardFile = Main;
				INFOPLIST_KEY_UISupportedInterfaceOrientations_iPad = "UIInterfaceOrientationPortrait UIInterfaceOrientationPortraitUpsideDown UIInterfaceOrientationLandscapeLeft UIInterfaceOrientationLandscapeRight";
				INFOPLIST_KEY_UISupportedInterfaceOrientations_iPhone = "UIInterfaceOrientationPortrait UIInterfaceOrientationLandscapeLeft UIInterfaceOrientationLandscapeRight";
				LD_RUNPATH_SEARCH_PATHS = (
					"$(inherited)",
					"@executable_path/Frameworks",
				);
				MARKETING_VERSION = 1.0;
				PRODUCT_BUNDLE_IDENTIFIER = com.makdfs;
				PRODUCT_NAME = "$(TARGET_NAME)";
				PROVISIONING_PROFILE_SPECIFIER = "";
				"PROVISIONING_PROFILE_SPECIFIER[sdk=iphoneos*]" = MAKDFSProfile;
				SWIFT_EMIT_LOC_STRINGS = YES;
				SWIFT_VERSION = 5.0;
				TARGETED_DEVICE_FAMILY = "1,2";
			};
			name = Release;
		};
		93E6FE1A2BDA7D2600E4CE65 /* Debug */ = {
			isa = XCBuildConfiguration;
			buildSettings = {
				ALWAYS_EMBED_SWIFT_STANDARD_LIBRARIES = YES;
				BUNDLE_LOADER = "$(TEST_HOST)";
				CODE_SIGN_STYLE = Automatic;
				CURRENT_PROJECT_VERSION = 1;
				GENERATE_INFOPLIST_FILE = YES;
				IPHONEOS_DEPLOYMENT_TARGET = 17.4;
				MARKETING_VERSION = 1.0;
				PRODUCT_BUNDLE_IDENTIFIER = com.makdfs;
				PRODUCT_NAME = "$(TARGET_NAME)";
				SWIFT_EMIT_LOC_STRINGS = NO;
				SWIFT_VERSION = 5.0;
				TARGETED_DEVICE_FAMILY = "1,2";
				TEST_HOST = "$(BUILT_PRODUCTS_DIR)/makdfs.app/$(BUNDLE_EXECUTABLE_FOLDER_PATH)/makdfs";
			};
			name = Debug;
		};
		93E6FE1B2BDA7D2600E4CE65 /* Release */ = {
			isa = XCBuildConfiguration;
			buildSettings = {
				ALWAYS_EMBED_SWIFT_STANDARD_LIBRARIES = YES;
				BUNDLE_LOADER = "$(TEST_HOST)";
				CODE_SIGN_STYLE = Automatic;
				CURRENT_PROJECT_VERSION = 1;
				GENERATE_INFOPLIST_FILE = YES;
				IPHONEOS_DEPLOYMENT_TARGET = 17.4;
				MARKETING_VERSION = 1.0;
				PRODUCT_BUNDLE_IDENTIFIER = com.makdfs;
				PRODUCT_NAME = "$(TARGET_NAME)";
				SWIFT_EMIT_LOC_STRINGS = NO;
				SWIFT_VERSION = 5.0;
				TARGETED_DEVICE_FAMILY = "1,2";
				TEST_HOST = "$(BUILT_PRODUCTS_DIR)/makdfs.app/$(BUNDLE_EXECUTABLE_FOLDER_PATH)/makdfs";
			};
			name = Release;
		};
		93E6FE1D2BDA7D2600E4CE65 /* Debug */ = {
			isa = XCBuildConfiguration;
			buildSettings = {
				ALWAYS_EMBED_SWIFT_STANDARD_LIBRARIES = YES;
				CODE_SIGN_STYLE = Automatic;
				CURRENT_PROJECT_VERSION = 1;
				DEVELOPMENT_TEAM = 3SVLFWZ7A5;
				GENERATE_INFOPLIST_FILE = YES;
				MARKETING_VERSION = 1.0;
				PRODUCT_BUNDLE_IDENTIFIER = com.makdfs;
				PRODUCT_NAME = "$(TARGET_NAME)";
				SWIFT_EMIT_LOC_STRINGS = NO;
				SWIFT_VERSION = 5.0;
				TARGETED_DEVICE_FAMILY = "1,2";
				TEST_TARGET_NAME = makdfs;
			};
			name = Debug;
		};
		93E6FE1E2BDA7D2600E4CE65 /* Release */ = {
			isa = XCBuildConfiguration;
			buildSettings = {
				ALWAYS_EMBED_SWIFT_STANDARD_LIBRARIES = YES;
				CODE_SIGN_STYLE = Automatic;
				CURRENT_PROJECT_VERSION = 1;
				DEVELOPMENT_TEAM = 3SVLFWZ7A5;
				GENERATE_INFOPLIST_FILE = YES;
				MARKETING_VERSION = 1.0;
				PRODUCT_BUNDLE_IDENTIFIER = com.makdfs;
				PRODUCT_NAME = "$(TARGET_NAME)";
				SWIFT_EMIT_LOC_STRINGS = NO;
				SWIFT_VERSION = 5.0;
				TARGETED_DEVICE_FAMILY = "1,2";
				TEST_TARGET_NAME = makdfs;
			};
			name = Release;
		};
/* End XCBuildConfiguration section */

/* Begin XCConfigurationList section */
		93E6FDE72BDA7D1E00E4CE65 /* Build configuration list for PBXProject "makdfs" */ = {
			isa = XCConfigurationList;
			buildConfigurations = (
				93E6FE142BDA7D2600E4CE65 /* Debug */,
				93E6FE152BDA7D2600E4CE65 /* Release */,
			);
			defaultConfigurationIsVisible = 0;
			defaultConfigurationName = Release;
		};
		93E6FE162BDA7D2600E4CE65 /* Build configuration list for PBXNativeTarget "makdfs" */ = {
			isa = XCConfigurationList;
			buildConfigurations = (
				93E6FE172BDA7D2600E4CE65 /* Debug */,
				93E6FE182BDA7D2600E4CE65 /* Release */,
			);
			defaultConfigurationIsVisible = 0;
			defaultConfigurationName = Release;
		};
		93E6FE192BDA7D2600E4CE65 /* Build configuration list for PBXNativeTarget "makdfsTests" */ = {
			isa = XCConfigurationList;
			buildConfigurations = (
				93E6FE1A2BDA7D2600E4CE65 /* Debug */,
				93E6FE1B2BDA7D2600E4CE65 /* Release */,
			);
			defaultConfigurationIsVisible = 0;
			defaultConfigurationName = Release;
		};
		93E6FE1C2BDA7D2600E4CE65 /* Build configuration list for PBXNativeTarget "makdfsUITests" */ = {
			isa = XCConfigurationList;
			buildConfigurations = (
				93E6FE1D2BDA7D2600E4CE65 /* Debug */,
				93E6FE1E2BDA7D2600E4CE65 /* Release */,
			);
			defaultConfigurationIsVisible = 0;
			defaultConfigurationName = Release;
		};
/* End XCConfigurationList section */

/* Begin XCRemoteSwiftPackageReference section */
		7F92DA682CB68EE0006FE903 /* XCRemoteSwiftPackageReference "firebase-ios-sdk" */ = {
			isa = XCRemoteSwiftPackageReference;
			repositoryURL = "https://github.com/firebase/firebase-ios-sdk";
			requirement = {
				kind = upToNextMajorVersion;
				minimumVersion = 11.3.0;
			};
		};
/* End XCRemoteSwiftPackageReference section */

/* Begin XCSwiftPackageProductDependency section */
		7F92DA6A2CB68F93006FE903 /* FirebaseAnalytics */ = {
			isa = XCSwiftPackageProductDependency;
			package = 7F92DA682CB68EE0006FE903 /* XCRemoteSwiftPackageReference "firebase-ios-sdk" */;
			productName = FirebaseAnalytics;
		};
		7F92DA6C2CB68F93006FE903 /* FirebaseAuth */ = {
			isa = XCSwiftPackageProductDependency;
			package = 7F92DA682CB68EE0006FE903 /* XCRemoteSwiftPackageReference "firebase-ios-sdk" */;
			productName = FirebaseAuth;
		};
/* End XCSwiftPackageProductDependency section */
	};
	rootObject = 93E6FDE42BDA7D1E00E4CE65 /* Project object */;
}
